// !$*UTF8*$!
{
	archiveVersion = 1;
	classes = {
	};
	objectVersion = 46;
	objects = {

/* Begin PBXBuildFile section */
		7F5EB24C3ECC1FEC57CD8E44 /* Pods_SwiftPlayer.framework in Frameworks */ = {isa = PBXBuildFile; fileRef = 0A438CCB9B82D19B0EA8A798 /* Pods_SwiftPlayer.framework */; };
		F608FDDD1F77C5FA0067C010 /* AppDelegate.swift in Sources */ = {isa = PBXBuildFile; fileRef = F608FDDC1F77C5FA0067C010 /* AppDelegate.swift */; };
		F608FDDF1F77C5FA0067C010 /* ViewController.swift in Sources */ = {isa = PBXBuildFile; fileRef = F608FDDE1F77C5FA0067C010 /* ViewController.swift */; };
		F608FDE11F77C5FA0067C010 /* Assets.xcassets in Resources */ = {isa = PBXBuildFile; fileRef = F608FDE01F77C5FA0067C010 /* Assets.xcassets */; };
		F608FDE41F77C5FA0067C010 /* Main.storyboard in Resources */ = {isa = PBXBuildFile; fileRef = F608FDE21F77C5FA0067C010 /* Main.storyboard */; };
		F6C285BE1F77C8DD00C103BB /* Song.swift in Sources */ = {isa = PBXBuildFile; fileRef = F6C285BD1F77C8DD00C103BB /* Song.swift */; };
		F6C285C11F77CDEF00C103BB /* Song.storyboard in Resources */ = {isa = PBXBuildFile; fileRef = F6C285BF1F77CDEF00C103BB /* Song.storyboard */; };
		F6C285C41F77E2FB00C103BB /* PlayerViewController.swift in Sources */ = {isa = PBXBuildFile; fileRef = F6C285C31F77E2FB00C103BB /* PlayerViewController.swift */; };
		F6C285C61F77E68C00C103BB /* PlayerManager.swift in Sources */ = {isa = PBXBuildFile; fileRef = F6C285C51F77E68C00C103BB /* PlayerManager.swift */; };
		F6C285C81F77E94E00C103BB /* SongManager.swift in Sources */ = {isa = PBXBuildFile; fileRef = F6C285C71F77E94E00C103BB /* SongManager.swift */; };
		F6C285CA1F77EAB000C103BB /* iTunesLibrary.framework in Frameworks */ = {isa = PBXBuildFile; fileRef = F6C285C91F77EAB000C103BB /* iTunesLibrary.framework */; };
		F6C285CD1F77F5C900C103BB /* SongListViewController.swift in Sources */ = {isa = PBXBuildFile; fileRef = F6C285CC1F77F5C900C103BB /* SongListViewController.swift */; };
		F6C285D11F78008F00C103BB /* RealmMigrationManager.swift in Sources */ = {isa = PBXBuildFile; fileRef = F6C285D01F78008F00C103BB /* RealmMigrationManager.swift */; };
/* End PBXBuildFile section */

/* Begin PBXFileReference section */
		0A438CCB9B82D19B0EA8A798 /* Pods_SwiftPlayer.framework */ = {isa = PBXFileReference; explicitFileType = wrapper.framework; includeInIndex = 0; path = Pods_SwiftPlayer.framework; sourceTree = BUILT_PRODUCTS_DIR; };
		296200DB30399BF3A6ABABCA /* Pods-SwiftPlayer.debug.xcconfig */ = {isa = PBXFileReference; includeInIndex = 1; lastKnownFileType = text.xcconfig; name = "Pods-SwiftPlayer.debug.xcconfig"; path = "Pods/Target Support Files/Pods-SwiftPlayer/Pods-SwiftPlayer.debug.xcconfig"; sourceTree = "<group>"; };
		B56ECFC7F7E905D45E1E4221 /* Pods-SwiftPlayer.release.xcconfig */ = {isa = PBXFileReference; includeInIndex = 1; lastKnownFileType = text.xcconfig; name = "Pods-SwiftPlayer.release.xcconfig"; path = "Pods/Target Support Files/Pods-SwiftPlayer/Pods-SwiftPlayer.release.xcconfig"; sourceTree = "<group>"; };
		F608FDD91F77C5FA0067C010 /* SwiftPlayer.app */ = {isa = PBXFileReference; explicitFileType = wrapper.application; includeInIndex = 0; path = SwiftPlayer.app; sourceTree = BUILT_PRODUCTS_DIR; };
		F608FDDC1F77C5FA0067C010 /* AppDelegate.swift */ = {isa = PBXFileReference; lastKnownFileType = sourcecode.swift; path = AppDelegate.swift; sourceTree = "<group>"; };
		F608FDDE1F77C5FA0067C010 /* ViewController.swift */ = {isa = PBXFileReference; lastKnownFileType = sourcecode.swift; path = ViewController.swift; sourceTree = "<group>"; };
		F608FDE01F77C5FA0067C010 /* Assets.xcassets */ = {isa = PBXFileReference; lastKnownFileType = folder.assetcatalog; path = Assets.xcassets; sourceTree = "<group>"; };
		F608FDE31F77C5FA0067C010 /* Base */ = {isa = PBXFileReference; lastKnownFileType = file.storyboard; name = Base; path = Base.lproj/Main.storyboard; sourceTree = "<group>"; };
		F608FDE51F77C5FA0067C010 /* Info.plist */ = {isa = PBXFileReference; lastKnownFileType = text.plist.xml; path = Info.plist; sourceTree = "<group>"; };
		F6C285BD1F77C8DD00C103BB /* Song.swift */ = {isa = PBXFileReference; fileEncoding = 4; lastKnownFileType = sourcecode.swift; name = Song.swift; path = Models/Song.swift; sourceTree = "<group>"; };
		F6C285C01F77CDEF00C103BB /* Base */ = {isa = PBXFileReference; lastKnownFileType = file.storyboard; name = Base; path = Base.lproj/Song.storyboard; sourceTree = "<group>"; };
		F6C285C31F77E2FB00C103BB /* PlayerViewController.swift */ = {isa = PBXFileReference; fileEncoding = 4; lastKnownFileType = sourcecode.swift; name = PlayerViewController.swift; path = ViewControllers/PlayerViewController/PlayerViewController.swift; sourceTree = "<group>"; };
		F6C285C51F77E68C00C103BB /* PlayerManager.swift */ = {isa = PBXFileReference; fileEncoding = 4; lastKnownFileType = sourcecode.swift; name = PlayerManager.swift; path = Managers/PlayerManager.swift; sourceTree = "<group>"; };
		F6C285C71F77E94E00C103BB /* SongManager.swift */ = {isa = PBXFileReference; fileEncoding = 4; lastKnownFileType = sourcecode.swift; name = SongManager.swift; path = Managers/SongManager.swift; sourceTree = "<group>"; };
		F6C285C91F77EAB000C103BB /* iTunesLibrary.framework */ = {isa = PBXFileReference; lastKnownFileType = wrapper.framework; name = iTunesLibrary.framework; path = ../../../../../Library/Frameworks/iTunesLibrary.framework; sourceTree = "<group>"; };
		F6C285CC1F77F5C900C103BB /* SongListViewController.swift */ = {isa = PBXFileReference; fileEncoding = 4; lastKnownFileType = sourcecode.swift; name = SongListViewController.swift; path = ViewControllers/SongListViewController/SongListViewController.swift; sourceTree = "<group>"; };
		F6C285D01F78008F00C103BB /* RealmMigrationManager.swift */ = {isa = PBXFileReference; fileEncoding = 4; lastKnownFileType = sourcecode.swift; path = RealmMigrationManager.swift; sourceTree = "<group>"; };
/* End PBXFileReference section */

/* Begin PBXFrameworksBuildPhase section */
		F608FDD61F77C5FA0067C010 /* Frameworks */ = {
			isa = PBXFrameworksBuildPhase;
			buildActionMask = 2147483647;
			files = (
				F6C285CA1F77EAB000C103BB /* iTunesLibrary.framework in Frameworks */,
				7F5EB24C3ECC1FEC57CD8E44 /* Pods_SwiftPlayer.framework in Frameworks */,
			);
			runOnlyForDeploymentPostprocessing = 0;
		};
/* End PBXFrameworksBuildPhase section */

/* Begin PBXGroup section */
		7FAF7B88D5E9DBDB7BD48E8D /* Frameworks */ = {
			isa = PBXGroup;
			children = (
				F6C285C91F77EAB000C103BB /* iTunesLibrary.framework */,
				0A438CCB9B82D19B0EA8A798 /* Pods_SwiftPlayer.framework */,
			);
			name = Frameworks;
			sourceTree = "<group>";
		};
		AF813A0F1051D60F0B500523 /* Pods */ = {
			isa = PBXGroup;
			children = (
				296200DB30399BF3A6ABABCA /* Pods-SwiftPlayer.debug.xcconfig */,
				B56ECFC7F7E905D45E1E4221 /* Pods-SwiftPlayer.release.xcconfig */,
			);
			name = Pods;
			sourceTree = "<group>";
		};
		F608FDD01F77C5FA0067C010 = {
			isa = PBXGroup;
			children = (
				F608FDDB1F77C5FA0067C010 /* SwiftPlayer */,
				F608FDDA1F77C5FA0067C010 /* Products */,
				AF813A0F1051D60F0B500523 /* Pods */,
				7FAF7B88D5E9DBDB7BD48E8D /* Frameworks */,
			);
			sourceTree = "<group>";
		};
		F608FDDA1F77C5FA0067C010 /* Products */ = {
			isa = PBXGroup;
			children = (
				F608FDD91F77C5FA0067C010 /* SwiftPlayer.app */,
			);
			name = Products;
			sourceTree = "<group>";
		};
		F608FDDB1F77C5FA0067C010 /* SwiftPlayer */ = {
			isa = PBXGroup;
			children = (
				F6C285BA1F77C87000C103BB /* Helpers */,
				F6C285B91F77C86A00C103BB /* Managers */,
				F6C285B51F77C81000C103BB /* Models */,
				F6C285B81F77C85100C103BB /* ViewControllers */,
				F6C285B71F77C83800C103BB /* Views */,
				F608FDDC1F77C5FA0067C010 /* AppDelegate.swift */,
				F608FDDE1F77C5FA0067C010 /* ViewController.swift */,
				F608FDE01F77C5FA0067C010 /* Assets.xcassets */,
				F608FDE51F77C5FA0067C010 /* Info.plist */,
			);
			path = SwiftPlayer;
			sourceTree = "<group>";
		};
		F6C285B51F77C81000C103BB /* Models */ = {
			isa = PBXGroup;
			children = (
				F6C285BD1F77C8DD00C103BB /* Song.swift */,
			);
			name = Models;
			sourceTree = "<group>";
		};
		F6C285B71F77C83800C103BB /* Views */ = {
			isa = PBXGroup;
			children = (
				F608FDE21F77C5FA0067C010 /* Main.storyboard */,
				F6C285BF1F77CDEF00C103BB /* Song.storyboard */,
			);
			name = Views;
			sourceTree = "<group>";
		};
		F6C285B81F77C85100C103BB /* ViewControllers */ = {
			isa = PBXGroup;
			children = (
				F6C285CB1F77F5A300C103BB /* SongListViewController */,
				F6C285C21F77E2BD00C103BB /* PlayerViewController */,
			);
			name = ViewControllers;
			sourceTree = "<group>";
		};
		F6C285B91F77C86A00C103BB /* Managers */ = {
			isa = PBXGroup;
			children = (
				F6C285C51F77E68C00C103BB /* PlayerManager.swift */,
				F6C285C71F77E94E00C103BB /* SongManager.swift */,
				F6C285D01F78008F00C103BB /* RealmMigrationManager.swift */,
			);
			name = Managers;
			sourceTree = "<group>";
		};
		F6C285BA1F77C87000C103BB /* Helpers */ = {
			isa = PBXGroup;
			children = (
			);
			name = Helpers;
			sourceTree = "<group>";
		};
		F6C285C21F77E2BD00C103BB /* PlayerViewController */ = {
			isa = PBXGroup;
			children = (
				F6C285C31F77E2FB00C103BB /* PlayerViewController.swift */,
			);
			name = PlayerViewController;
			sourceTree = "<group>";
		};
		F6C285CB1F77F5A300C103BB /* SongListViewController */ = {
			isa = PBXGroup;
			children = (
				F6C285CC1F77F5C900C103BB /* SongListViewController.swift */,
			);
			name = SongListViewController;
			sourceTree = "<group>";
		};
/* End PBXGroup section */

/* Begin PBXNativeTarget section */
		F608FDD81F77C5FA0067C010 /* SwiftPlayer */ = {
			isa = PBXNativeTarget;
			buildConfigurationList = F608FDE81F77C5FA0067C010 /* Build configuration list for PBXNativeTarget "SwiftPlayer" */;
			buildPhases = (
				1C75080A6E19470D000F136C /* [CP] Check Pods Manifest.lock */,
				F608FDD51F77C5FA0067C010 /* Sources */,
				F608FDD61F77C5FA0067C010 /* Frameworks */,
				F608FDD71F77C5FA0067C010 /* Resources */,
				93685BF0E787CAC0E3CEB449 /* [CP] Embed Pods Frameworks */,
				2E200BEC6580139AF0C9F3FE /* [CP] Copy Pods Resources */,
			);
			buildRules = (
			);
			dependencies = (
			);
			name = SwiftPlayer;
			productName = SwiftPlayer;
			productReference = F608FDD91F77C5FA0067C010 /* SwiftPlayer.app */;
			productType = "com.apple.product-type.application";
		};
/* End PBXNativeTarget section */

/* Begin PBXProject section */
		F608FDD11F77C5FA0067C010 /* Project object */ = {
			isa = PBXProject;
			attributes = {
				LastSwiftUpdateCheck = 0830;
				LastUpgradeCheck = 0830;
				ORGANIZATIONNAME = "Omer Mohamed Ali";
				TargetAttributes = {
					F608FDD81F77C5FA0067C010 = {
						CreatedOnToolsVersion = 8.3.3;
						DevelopmentTeam = 4T64V8DJJ4;
						ProvisioningStyle = Automatic;
					};
				};
			};
			buildConfigurationList = F608FDD41F77C5FA0067C010 /* Build configuration list for PBXProject "SwiftPlayer" */;
			compatibilityVersion = "Xcode 3.2";
			developmentRegion = English;
			hasScannedForEncodings = 0;
			knownRegions = (
				en,
				Base,
			);
			mainGroup = F608FDD01F77C5FA0067C010;
			productRefGroup = F608FDDA1F77C5FA0067C010 /* Products */;
			projectDirPath = "";
			projectRoot = "";
			targets = (
				F608FDD81F77C5FA0067C010 /* SwiftPlayer */,
			);
		};
/* End PBXProject section */

/* Begin PBXResourcesBuildPhase section */
		F608FDD71F77C5FA0067C010 /* Resources */ = {
			isa = PBXResourcesBuildPhase;
			buildActionMask = 2147483647;
			files = (
				F6C285C11F77CDEF00C103BB /* Song.storyboard in Resources */,
				F608FDE11F77C5FA0067C010 /* Assets.xcassets in Resources */,
				F608FDE41F77C5FA0067C010 /* Main.storyboard in Resources */,
			);
			runOnlyForDeploymentPostprocessing = 0;
		};
/* End PBXResourcesBuildPhase section */

/* Begin PBXShellScriptBuildPhase section */
		1C75080A6E19470D000F136C /* [CP] Check Pods Manifest.lock */ = {
			isa = PBXShellScriptBuildPhase;
			buildActionMask = 2147483647;
			files = (
			);
			inputPaths = (
				"${PODS_PODFILE_DIR_PATH}/Podfile.lock",
				"${PODS_ROOT}/Manifest.lock",
			);
			name = "[CP] Check Pods Manifest.lock";
			outputPaths = (
				"$(DERIVED_FILE_DIR)/Pods-SwiftPlayer-checkManifestLockResult.txt",
			);
			runOnlyForDeploymentPostprocessing = 0;
			shellPath = /bin/sh;
			shellScript = "diff \"${PODS_PODFILE_DIR_PATH}/Podfile.lock\" \"${PODS_ROOT}/Manifest.lock\" > /dev/null\nif [ $? != 0 ] ; then\n    # print error to STDERR\n    echo \"error: The sandbox is not in sync with the Podfile.lock. Run 'pod install' or update your CocoaPods installation.\" >&2\n    exit 1\nfi\n# This output is used by Xcode 'outputs' to avoid re-running this script phase.\necho \"SUCCESS\" > \"${SCRIPT_OUTPUT_FILE_0}\"\n";
			showEnvVarsInLog = 0;
		};
		2E200BEC6580139AF0C9F3FE /* [CP] Copy Pods Resources */ = {
			isa = PBXShellScriptBuildPhase;
			buildActionMask = 2147483647;
			files = (
			);
			inputPaths = (
			);
			name = "[CP] Copy Pods Resources";
			outputPaths = (
			);
			runOnlyForDeploymentPostprocessing = 0;
			shellPath = /bin/sh;
			shellScript = "\"${SRCROOT}/Pods/Target Support Files/Pods-SwiftPlayer/Pods-SwiftPlayer-resources.sh\"\n";
			showEnvVarsInLog = 0;
		};
		93685BF0E787CAC0E3CEB449 /* [CP] Embed Pods Frameworks */ = {
			isa = PBXShellScriptBuildPhase;
			buildActionMask = 2147483647;
			files = (
			);
			inputPaths = (
				"${SRCROOT}/Pods/Target Support Files/Pods-SwiftPlayer/Pods-SwiftPlayer-frameworks.sh",
				"${BUILT_PRODUCTS_DIR}/Realm/Realm.framework",
				"${BUILT_PRODUCTS_DIR}/RealmSwift/RealmSwift.framework",
			);
			name = "[CP] Embed Pods Frameworks";
			outputPaths = (
				"${TARGET_BUILD_DIR}/${FRAMEWORKS_FOLDER_PATH}/Realm.framework",
				"${TARGET_BUILD_DIR}/${FRAMEWORKS_FOLDER_PATH}/RealmSwift.framework",
			);
			runOnlyForDeploymentPostprocessing = 0;
			shellPath = /bin/sh;
			shellScript = "\"${SRCROOT}/Pods/Target Support Files/Pods-SwiftPlayer/Pods-SwiftPlayer-frameworks.sh\"\n";
			showEnvVarsInLog = 0;
		};
/* End PBXShellScriptBuildPhase section */

/* Begin PBXSourcesBuildPhase section */
		F608FDD51F77C5FA0067C010 /* Sources */ = {
			isa = PBXSourcesBuildPhase;
			buildActionMask = 2147483647;
			files = (
				F6C285CD1F77F5C900C103BB /* SongListViewController.swift in Sources */,
				F6C285C81F77E94E00C103BB /* SongManager.swift in Sources */,
				F6C285C61F77E68C00C103BB /* PlayerManager.swift in Sources */,
				F6C285BE1F77C8DD00C103BB /* Song.swift in Sources */,
				F6C285D11F78008F00C103BB /* RealmMigrationManager.swift in Sources */,
				F6C285C41F77E2FB00C103BB /* PlayerViewController.swift in Sources */,
				F608FDDF1F77C5FA0067C010 /* ViewController.swift in Sources */,
				F608FDDD1F77C5FA0067C010 /* AppDelegate.swift in Sources */,
			);
			runOnlyForDeploymentPostprocessing = 0;
		};
/* End PBXSourcesBuildPhase section */

/* Begin PBXVariantGroup section */
		F608FDE21F77C5FA0067C010 /* Main.storyboard */ = {
			isa = PBXVariantGroup;
			children = (
				F608FDE31F77C5FA0067C010 /* Base */,
			);
			name = Main.storyboard;
			sourceTree = "<group>";
		};
		F6C285BF1F77CDEF00C103BB /* Song.storyboard */ = {
			isa = PBXVariantGroup;
			children = (
				F6C285C01F77CDEF00C103BB /* Base */,
			);
			name = Song.storyboard;
			sourceTree = "<group>";
		};
/* End PBXVariantGroup section */

/* Begin XCBuildConfiguration section */
		F608FDE61F77C5FA0067C010 /* Debug */ = {
			isa = XCBuildConfiguration;
			buildSettings = {
				ALWAYS_SEARCH_USER_PATHS = NO;
				CLANG_ANALYZER_NONNULL = YES;
				CLANG_ANALYZER_NUMBER_OBJECT_CONVERSION = YES_AGGRESSIVE;
				CLANG_CXX_LANGUAGE_STANDARD = "gnu++0x";
				CLANG_CXX_LIBRARY = "libc++";
				CLANG_ENABLE_MODULES = YES;
				CLANG_ENABLE_OBJC_ARC = YES;
				CLANG_WARN_BOOL_CONVERSION = YES;
				CLANG_WARN_CONSTANT_CONVERSION = YES;
				CLANG_WARN_DIRECT_OBJC_ISA_USAGE = YES_ERROR;
				CLANG_WARN_DOCUMENTATION_COMMENTS = YES;
				CLANG_WARN_EMPTY_BODY = YES;
				CLANG_WARN_ENUM_CONVERSION = YES;
				CLANG_WARN_INFINITE_RECURSION = YES;
				CLANG_WARN_INT_CONVERSION = YES;
				CLANG_WARN_OBJC_ROOT_CLASS = YES_ERROR;
				CLANG_WARN_SUSPICIOUS_MOVE = YES;
				CLANG_WARN_UNREACHABLE_CODE = YES;
				CLANG_WARN__DUPLICATE_METHOD_MATCH = YES;
				CODE_SIGN_IDENTITY = "-";
				COPY_PHASE_STRIP = NO;
				DEBUG_INFORMATION_FORMAT = dwarf;
				ENABLE_STRICT_OBJC_MSGSEND = YES;
				ENABLE_TESTABILITY = YES;
				GCC_C_LANGUAGE_STANDARD = gnu99;
				GCC_DYNAMIC_NO_PIC = NO;
				GCC_NO_COMMON_BLOCKS = YES;
				GCC_OPTIMIZATION_LEVEL = 0;
				GCC_PREPROCESSOR_DEFINITIONS = (
					"DEBUG=1",
					"$(inherited)",
				);
				GCC_WARN_64_TO_32_BIT_CONVERSION = YES;
				GCC_WARN_ABOUT_RETURN_TYPE = YES_ERROR;
				GCC_WARN_UNDECLARED_SELECTOR = YES;
				GCC_WARN_UNINITIALIZED_AUTOS = YES_AGGRESSIVE;
				GCC_WARN_UNUSED_FUNCTION = YES;
				GCC_WARN_UNUSED_VARIABLE = YES;
				MACOSX_DEPLOYMENT_TARGET = 10.12;
				MTL_ENABLE_DEBUG_INFO = YES;
				ONLY_ACTIVE_ARCH = YES;
				SDKROOT = macosx;
				SWIFT_ACTIVE_COMPILATION_CONDITIONS = DEBUG;
				SWIFT_OPTIMIZATION_LEVEL = "-Onone";
			};
			name = Debug;
		};
		F608FDE71F77C5FA0067C010 /* Release */ = {
			isa = XCBuildConfiguration;
			buildSettings = {
				ALWAYS_SEARCH_USER_PATHS = NO;
				CLANG_ANALYZER_NONNULL = YES;
				CLANG_ANALYZER_NUMBER_OBJECT_CONVERSION = YES_AGGRESSIVE;
				CLANG_CXX_LANGUAGE_STANDARD = "gnu++0x";
				CLANG_CXX_LIBRARY = "libc++";
				CLANG_ENABLE_MODULES = YES;
				CLANG_ENABLE_OBJC_ARC = YES;
				CLANG_WARN_BOOL_CONVERSION = YES;
				CLANG_WARN_CONSTANT_CONVERSION = YES;
				CLANG_WARN_DIRECT_OBJC_ISA_USAGE = YES_ERROR;
				CLANG_WARN_DOCUMENTATION_COMMENTS = YES;
				CLANG_WARN_EMPTY_BODY = YES;
				CLANG_WARN_ENUM_CONVERSION = YES;
				CLANG_WARN_INFINITE_RECURSION = YES;
				CLANG_WARN_INT_CONVERSION = YES;
				CLANG_WARN_OBJC_ROOT_CLASS = YES_ERROR;
				CLANG_WARN_SUSPICIOUS_MOVE = YES;
				CLANG_WARN_UNREACHABLE_CODE = YES;
				CLANG_WARN__DUPLICATE_METHOD_MATCH = YES;
				CODE_SIGN_IDENTITY = "-";
				COPY_PHASE_STRIP = NO;
				DEBUG_INFORMATION_FORMAT = "dwarf-with-dsym";
				ENABLE_NS_ASSERTIONS = NO;
				ENABLE_STRICT_OBJC_MSGSEND = YES;
				GCC_C_LANGUAGE_STANDARD = gnu99;
				GCC_NO_COMMON_BLOCKS = YES;
				GCC_WARN_64_TO_32_BIT_CONVERSION = YES;
				GCC_WARN_ABOUT_RETURN_TYPE = YES_ERROR;
				GCC_WARN_UNDECLARED_SELECTOR = YES;
				GCC_WARN_UNINITIALIZED_AUTOS = YES_AGGRESSIVE;
				GCC_WARN_UNUSED_FUNCTION = YES;
				GCC_WARN_UNUSED_VARIABLE = YES;
				MACOSX_DEPLOYMENT_TARGET = 10.12;
				MTL_ENABLE_DEBUG_INFO = NO;
				SDKROOT = macosx;
				SWIFT_OPTIMIZATION_LEVEL = "-Owholemodule";
			};
			name = Release;
		};
		F608FDE91F77C5FA0067C010 /* Debug */ = {
			isa = XCBuildConfiguration;
			baseConfigurationReference = 296200DB30399BF3A6ABABCA /* Pods-SwiftPlayer.debug.xcconfig */;
			buildSettings = {
				ASSETCATALOG_COMPILER_APPICON_NAME = AppIcon;
				CODE_SIGN_IDENTITY = "Mac Developer";
				COMBINE_HIDPI_IMAGES = YES;
				DEVELOPMENT_TEAM = 4T64V8DJJ4;
				FRAMEWORK_SEARCH_PATHS = (
					"$(inherited)",
					"$(LOCAL_LIBRARY_DIR)/Frameworks",
				);
				INFOPLIST_FILE = SwiftPlayer/Info.plist;
				LD_RUNPATH_SEARCH_PATHS = "$(inherited) @executable_path/../Frameworks";
				PRODUCT_BUNDLE_IDENTIFIER = com.omtest.SwiftPlayer;
				PRODUCT_NAME = "$(TARGET_NAME)";
				PROVISIONING_PROFILE_SPECIFIER = "";
				SWIFT_VERSION = 3.0;
			};
			name = Debug;
		};
		F608FDEA1F77C5FA0067C010 /* Release */ = {
			isa = XCBuildConfiguration;
			baseConfigurationReference = B56ECFC7F7E905D45E1E4221 /* Pods-SwiftPlayer.release.xcconfig */;
			buildSettings = {
				ASSETCATALOG_COMPILER_APPICON_NAME = AppIcon;
				CODE_SIGN_IDENTITY = "Mac Developer";
				COMBINE_HIDPI_IMAGES = YES;
				DEVELOPMENT_TEAM = 4T64V8DJJ4;
				FRAMEWORK_SEARCH_PATHS = (
					"$(inherited)",
					"$(LOCAL_LIBRARY_DIR)/Frameworks",
				);
				INFOPLIST_FILE = SwiftPlayer/Info.plist;
				LD_RUNPATH_SEARCH_PATHS = "$(inherited) @executable_path/../Frameworks";
				PRODUCT_BUNDLE_IDENTIFIER = com.omtest.SwiftPlayer;
				PRODUCT_NAME = "$(TARGET_NAME)";
				PROVISIONING_PROFILE_SPECIFIER = "";
				SWIFT_VERSION = 3.0;
			};
			name = Release;
		};
/* End XCBuildConfiguration section */

/* Begin XCConfigurationList section */
		F608FDD41F77C5FA0067C010 /* Build configuration list for PBXProject "SwiftPlayer" */ = {
			isa = XCConfigurationList;
			buildConfigurations = (
				F608FDE61F77C5FA0067C010 /* Debug */,
				F608FDE71F77C5FA0067C010 /* Release */,
			);
			defaultConfigurationIsVisible = 0;
			defaultConfigurationName = Release;
		};
		F608FDE81F77C5FA0067C010 /* Build configuration list for PBXNativeTarget "SwiftPlayer" */ = {
			isa = XCConfigurationList;
			buildConfigurations = (
				F608FDE91F77C5FA0067C010 /* Debug */,
				F608FDEA1F77C5FA0067C010 /* Release */,
			);
			defaultConfigurationIsVisible = 0;
			defaultConfigurationName = Release;
		};
/* End XCConfigurationList section */
	};
	rootObject = F608FDD11F77C5FA0067C010 /* Project object */;
}
